
Microsoft Visual Studio Solution File, Format Version 12.00
# Visual Studio 2012
Project("{FAE04EC0-301F-11D3-BF4B-00C04F79EFBC}") = "Granite.Core", "..\..\Sources\Projects\Granite.Core\Granite.Core.csproj", "{FAEFCED9-55C9-48AC-9174-C5BBE8501C5B}"
EndProject
Project("{FAE04EC0-301F-11D3-BF4B-00C04F79EFBC}") = "Granite.Core.Tests", "..\Projects\Granite.Core.Tests\Granite.Core.Tests.csproj", "{2200D195-44A0-4B30-9A44-57C554E05C68}"
EndProject
Global
	GlobalSection(SolutionConfigurationPlatforms) = preSolution
		Debug|Any CPU = Debug|Any CPU
		Release|Any CPU = Release|Any CPU
	EndGlobalSection
	GlobalSection(ProjectConfigurationPlatforms) = postSolution
		{FAEFCED9-55C9-48AC-9174-C5BBE8501C5B}.Debug|Any CPU.ActiveCfg = Debug|Any CPU
		{FAEFCED9-55C9-48AC-9174-C5BBE8501C5B}.Debug|Any CPU.Build.0 = Debug|Any CPU
		{FAEFCED9-55C9-48AC-9174-C5BBE8501C5B}.Release|Any CPU.ActiveCfg = Release|Any CPU
		{FAEFCED9-55C9-48AC-9174-C5BBE8501C5B}.Release|Any CPU.Build.0 = Release|Any CPU
		{2200D195-44A0-4B30-9A44-57C554E05C68}.Debug|Any CPU.ActiveCfg = Debug|Any CPU
		{2200D195-44A0-4B30-9A44-57C554E05C68}.Debug|Any CPU.Build.0 = Debug|Any CPU
		{2200D195-44A0-4B30-9A44-57C554E05C68}.Release|Any CPU.ActiveCfg = Release|Any CPU
		{2200D195-44A0-4B30-9A44-57C554E05C68}.Release|Any CPU.Build.0 = Release|Any CPU
	EndGlobalSection
	GlobalSection(SolutionProperties) = preSolution
		HideSolutionNode = FALSE
	EndGlobalSection
EndGlobal
