
Microsoft Visual Studio Solution File, Format Version 12.00
# Visual Studio 2012
Project("{FAE04EC0-301F-11D3-BF4B-00C04F79EFBC}") = "Multithread", "Multithread\Multithread.csproj", "{795B7CA2-40CD-4C24-A5BC-5A622C8E4356}"
EndProject
Project("{FAE04EC0-301F-11D3-BF4B-00C04F79EFBC}") = "Granite.Core", "..\..\Sources\Projects\Granite.Core\Granite.Core.csproj", "{FAEFCED9-55C9-48AC-9174-C5BBE8501C5B}"
EndProject
Project("{FAE04EC0-301F-11D3-BF4B-00C04F79EFBC}") = "Granite.Collision", "..\..\Sources\Projects\Granite.Collision\Granite.Collision.csproj", "{3AC3017D-55F9-4056-AFD5-1A31CE790684}"
EndProject
Global
	GlobalSection(SolutionConfigurationPlatforms) = preSolution
		Debug|Any CPU = Debug|Any CPU
		Release|Any CPU = Release|Any CPU
	EndGlobalSection
	GlobalSection(ProjectConfigurationPlatforms) = postSolution
		{795B7CA2-40CD-4C24-A5BC-5A622C8E4356}.Debug|Any CPU.ActiveCfg = Debug|Any CPU
		{795B7CA2-40CD-4C24-A5BC-5A622C8E4356}.Debug|Any CPU.Build.0 = Debug|Any CPU
		{795B7CA2-40CD-4C24-A5BC-5A622C8E4356}.Release|Any CPU.ActiveCfg = Release|Any CPU
		{795B7CA2-40CD-4C24-A5BC-5A622C8E4356}.Release|Any CPU.Build.0 = Release|Any CPU
		{FAEFCED9-55C9-48AC-9174-C5BBE8501C5B}.Debug|Any CPU.ActiveCfg = Debug|Any CPU
		{FAEFCED9-55C9-48AC-9174-C5BBE8501C5B}.Debug|Any CPU.Build.0 = Debug|Any CPU
		{FAEFCED9-55C9-48AC-9174-C5BBE8501C5B}.Release|Any CPU.ActiveCfg = Release|Any CPU
		{FAEFCED9-55C9-48AC-9174-C5BBE8501C5B}.Release|Any CPU.Build.0 = Release|Any CPU
		{3AC3017D-55F9-4056-AFD5-1A31CE790684}.Debug|Any CPU.ActiveCfg = Debug|Any CPU
		{3AC3017D-55F9-4056-AFD5-1A31CE790684}.Debug|Any CPU.Build.0 = Debug|Any CPU
		{3AC3017D-55F9-4056-AFD5-1A31CE790684}.Release|Any CPU.ActiveCfg = Release|Any CPU
		{3AC3017D-55F9-4056-AFD5-1A31CE790684}.Release|Any CPU.Build.0 = Release|Any CPU
	EndGlobalSection
	GlobalSection(SolutionProperties) = preSolution
		HideSolutionNode = FALSE
	EndGlobalSection
EndGlobal
