
Microsoft Visual Studio Solution File, Format Version 12.00
# Visual Studio Version 16
VisualStudioVersion = 16.0.30804.86
MinimumVisualStudioVersion = 10.0.40219.1
Project("{FAE04EC0-301F-11D3-BF4B-00C04F79EFBC}") = "Granite.Core", "..\Projects\Granite.Core\Granite.Core.csproj", "{FAEFCED9-55C9-48AC-9174-C5BBE8501C5B}"
EndProject
Project("{FAE04EC0-301F-11D3-BF4B-00C04F79EFBC}") = "Granite.UI", "..\Projects\Granite.UI\Granite.UI.csproj", "{95CDCA6E-E490-4A43-8FE2-7C8AA59F3386}"
EndProject
Project("{FAE04EC0-301F-11D3-BF4B-00C04F79EFBC}") = "Granite.Core.StructsGenerator", "..\Projects\Granite.Core.StructsGenerator\Granite.Core.StructsGenerator.csproj", "{410C9B98-17AC-4DFB-AC60-8BA608518540}"
EndProject
Project("{FAE04EC0-301F-11D3-BF4B-00C04F79EFBC}") = "Granite.ThreeD", "..\Projects\Granite.ThreeD\Granite.ThreeD.csproj", "{A704E59F-794B-40D0-B2B4-746837F851B4}"
EndProject
Global
	GlobalSection(SolutionConfigurationPlatforms) = preSolution
		Debug|Any CPU = Debug|Any CPU
		Debug|Mixed Platforms = Debug|Mixed Platforms
		Debug|Win32 = Debug|Win32
		Debug|x86 = Debug|x86
		Release|Any CPU = Release|Any CPU
		Release|Mixed Platforms = Release|Mixed Platforms
		Release|Win32 = Release|Win32
		Release|x86 = Release|x86
	EndGlobalSection
	GlobalSection(ProjectConfigurationPlatforms) = postSolution
		{FAEFCED9-55C9-48AC-9174-C5BBE8501C5B}.Debug|Any CPU.ActiveCfg = Debug|Any CPU
		{FAEFCED9-55C9-48AC-9174-C5BBE8501C5B}.Debug|Any CPU.Build.0 = Debug|Any CPU
		{FAEFCED9-55C9-48AC-9174-C5BBE8501C5B}.Debug|Mixed Platforms.ActiveCfg = Debug|Any CPU
		{FAEFCED9-55C9-48AC-9174-C5BBE8501C5B}.Debug|Mixed Platforms.Build.0 = Debug|Any CPU
		{FAEFCED9-55C9-48AC-9174-C5BBE8501C5B}.Debug|Win32.ActiveCfg = Debug|Any CPU
		{FAEFCED9-55C9-48AC-9174-C5BBE8501C5B}.Debug|x86.ActiveCfg = Debug|Any CPU
		{FAEFCED9-55C9-48AC-9174-C5BBE8501C5B}.Release|Any CPU.ActiveCfg = Release|Any CPU
		{FAEFCED9-55C9-48AC-9174-C5BBE8501C5B}.Release|Any CPU.Build.0 = Release|Any CPU
		{FAEFCED9-55C9-48AC-9174-C5BBE8501C5B}.Release|Mixed Platforms.ActiveCfg = Release|Any CPU
		{FAEFCED9-55C9-48AC-9174-C5BBE8501C5B}.Release|Mixed Platforms.Build.0 = Release|Any CPU
		{FAEFCED9-55C9-48AC-9174-C5BBE8501C5B}.Release|Win32.ActiveCfg = Release|Any CPU
		{FAEFCED9-55C9-48AC-9174-C5BBE8501C5B}.Release|x86.ActiveCfg = Release|Any CPU
		{95CDCA6E-E490-4A43-8FE2-7C8AA59F3386}.Debug|Any CPU.ActiveCfg = Debug|Any CPU
		{95CDCA6E-E490-4A43-8FE2-7C8AA59F3386}.Debug|Any CPU.Build.0 = Debug|Any CPU
		{95CDCA6E-E490-4A43-8FE2-7C8AA59F3386}.Debug|Mixed Platforms.ActiveCfg = Debug|Any CPU
		{95CDCA6E-E490-4A43-8FE2-7C8AA59F3386}.Debug|Mixed Platforms.Build.0 = Debug|Any CPU
		{95CDCA6E-E490-4A43-8FE2-7C8AA59F3386}.Debug|Win32.ActiveCfg = Debug|Any CPU
		{95CDCA6E-E490-4A43-8FE2-7C8AA59F3386}.Debug|x86.ActiveCfg = Debug|Any CPU
		{95CDCA6E-E490-4A43-8FE2-7C8AA59F3386}.Release|Any CPU.ActiveCfg = Release|Any CPU
		{95CDCA6E-E490-4A43-8FE2-7C8AA59F3386}.Release|Any CPU.Build.0 = Release|Any CPU
		{95CDCA6E-E490-4A43-8FE2-7C8AA59F3386}.Release|Mixed Platforms.ActiveCfg = Release|Any CPU
		{95CDCA6E-E490-4A43-8FE2-7C8AA59F3386}.Release|Mixed Platforms.Build.0 = Release|Any CPU
		{95CDCA6E-E490-4A43-8FE2-7C8AA59F3386}.Release|Win32.ActiveCfg = Release|Any CPU
		{95CDCA6E-E490-4A43-8FE2-7C8AA59F3386}.Release|x86.ActiveCfg = Release|Any CPU
		{410C9B98-17AC-4DFB-AC60-8BA608518540}.Debug|Any CPU.ActiveCfg = Debug|Any CPU
		{410C9B98-17AC-4DFB-AC60-8BA608518540}.Debug|Any CPU.Build.0 = Debug|Any CPU
		{410C9B98-17AC-4DFB-AC60-8BA608518540}.Debug|Mixed Platforms.ActiveCfg = Debug|Any CPU
		{410C9B98-17AC-4DFB-AC60-8BA608518540}.Debug|Mixed Platforms.Build.0 = Debug|Any CPU
		{410C9B98-17AC-4DFB-AC60-8BA608518540}.Debug|Win32.ActiveCfg = Debug|Any CPU
		{410C9B98-17AC-4DFB-AC60-8BA608518540}.Debug|Win32.Build.0 = Debug|Any CPU
		{410C9B98-17AC-4DFB-AC60-8BA608518540}.Debug|x86.ActiveCfg = Debug|Any CPU
		{410C9B98-17AC-4DFB-AC60-8BA608518540}.Debug|x86.Build.0 = Debug|Any CPU
		{410C9B98-17AC-4DFB-AC60-8BA608518540}.Release|Any CPU.ActiveCfg = Release|Any CPU
		{410C9B98-17AC-4DFB-AC60-8BA608518540}.Release|Any CPU.Build.0 = Release|Any CPU
		{410C9B98-17AC-4DFB-AC60-8BA608518540}.Release|Mixed Platforms.ActiveCfg = Release|Any CPU
		{410C9B98-17AC-4DFB-AC60-8BA608518540}.Release|Mixed Platforms.Build.0 = Release|Any CPU
		{410C9B98-17AC-4DFB-AC60-8BA608518540}.Release|Win32.ActiveCfg = Release|Any CPU
		{410C9B98-17AC-4DFB-AC60-8BA608518540}.Release|Win32.Build.0 = Release|Any CPU
		{410C9B98-17AC-4DFB-AC60-8BA608518540}.Release|x86.ActiveCfg = Release|Any CPU
		{410C9B98-17AC-4DFB-AC60-8BA608518540}.Release|x86.Build.0 = Release|Any CPU
		{A704E59F-794B-40D0-B2B4-746837F851B4}.Debug|Any CPU.ActiveCfg = Debug|Any CPU
		{A704E59F-794B-40D0-B2B4-746837F851B4}.Debug|Any CPU.Build.0 = Debug|Any CPU
		{A704E59F-794B-40D0-B2B4-746837F851B4}.Debug|Mixed Platforms.ActiveCfg = Debug|Any CPU
		{A704E59F-794B-40D0-B2B4-746837F851B4}.Debug|Mixed Platforms.Build.0 = Debug|Any CPU
		{A704E59F-794B-40D0-B2B4-746837F851B4}.Debug|Win32.ActiveCfg = Debug|Any CPU
		{A704E59F-794B-40D0-B2B4-746837F851B4}.Debug|Win32.Build.0 = Debug|Any CPU
		{A704E59F-794B-40D0-B2B4-746837F851B4}.Debug|x86.ActiveCfg = Debug|Any CPU
		{A704E59F-794B-40D0-B2B4-746837F851B4}.Debug|x86.Build.0 = Debug|Any CPU
		{A704E59F-794B-40D0-B2B4-746837F851B4}.Release|Any CPU.ActiveCfg = Release|Any CPU
		{A704E59F-794B-40D0-B2B4-746837F851B4}.Release|Any CPU.Build.0 = Release|Any CPU
		{A704E59F-794B-40D0-B2B4-746837F851B4}.Release|Mixed Platforms.ActiveCfg = Release|Any CPU
		{A704E59F-794B-40D0-B2B4-746837F851B4}.Release|Mixed Platforms.Build.0 = Release|Any CPU
		{A704E59F-794B-40D0-B2B4-746837F851B4}.Release|Win32.ActiveCfg = Release|Any CPU
		{A704E59F-794B-40D0-B2B4-746837F851B4}.Release|Win32.Build.0 = Release|Any CPU
		{A704E59F-794B-40D0-B2B4-746837F851B4}.Release|x86.ActiveCfg = Release|Any CPU
		{A704E59F-794B-40D0-B2B4-746837F851B4}.Release|x86.Build.0 = Release|Any CPU
	EndGlobalSection
	GlobalSection(SolutionProperties) = preSolution
		HideSolutionNode = FALSE
	EndGlobalSection
	GlobalSection(ExtensibilityGlobals) = postSolution
		SolutionGuid = {2ED0FC43-2655-48D8-86D2-9F09B5FCFFCE}
	EndGlobalSection
EndGlobal
