
Microsoft Visual Studio Solution File, Format Version 12.00
# Visual Studio Version 16
VisualStudioVersion = 16.0.30804.86
MinimumVisualStudioVersion = 10.0.40219.1
Project("{FAE04EC0-301F-11D3-BF4B-00C04F79EFBC}") = "Temple3D", "Temple3D.csproj", "{7AEE8FDF-2629-44CC-A155-5F9022F83DBB}"
EndProject
Project("{FAE04EC0-301F-11D3-BF4B-00C04F79EFBC}") = "Granite.Core", "..\..\Sources\Projects\Granite.Core\Granite.Core.csproj", "{FAEFCED9-55C9-48AC-9174-C5BBE8501C5B}"
EndProject
Project("{FAE04EC0-301F-11D3-BF4B-00C04F79EFBC}") = "Granite.Core.StructsGenerator", "..\..\Sources\Projects\Granite.Core.StructsGenerator\Granite.Core.StructsGenerator.csproj", "{410C9B98-17AC-4DFB-AC60-8BA608518540}"
EndProject
Global
	GlobalSection(SolutionConfigurationPlatforms) = preSolution
		Debug|Any CPU = Debug|Any CPU
		Release|Any CPU = Release|Any CPU
	EndGlobalSection
	GlobalSection(ProjectConfigurationPlatforms) = postSolution
		{7AEE8FDF-2629-44CC-A155-5F9022F83DBB}.Debug|Any CPU.ActiveCfg = Debug|Any CPU
		{7AEE8FDF-2629-44CC-A155-5F9022F83DBB}.Debug|Any CPU.Build.0 = Debug|Any CPU
		{7AEE8FDF-2629-44CC-A155-5F9022F83DBB}.Release|Any CPU.ActiveCfg = Release|Any CPU
		{7AEE8FDF-2629-44CC-A155-5F9022F83DBB}.Release|Any CPU.Build.0 = Release|Any CPU
		{FAEFCED9-55C9-48AC-9174-C5BBE8501C5B}.Debug|Any CPU.ActiveCfg = Debug|Any CPU
		{FAEFCED9-55C9-48AC-9174-C5BBE8501C5B}.Debug|Any CPU.Build.0 = Debug|Any CPU
		{FAEFCED9-55C9-48AC-9174-C5BBE8501C5B}.Release|Any CPU.ActiveCfg = Release|Any CPU
		{FAEFCED9-55C9-48AC-9174-C5BBE8501C5B}.Release|Any CPU.Build.0 = Release|Any CPU
		{410C9B98-17AC-4DFB-AC60-8BA608518540}.Debug|Any CPU.ActiveCfg = Debug|Any CPU
		{410C9B98-17AC-4DFB-AC60-8BA608518540}.Debug|Any CPU.Build.0 = Debug|Any CPU
		{410C9B98-17AC-4DFB-AC60-8BA608518540}.Release|Any CPU.ActiveCfg = Release|Any CPU
		{410C9B98-17AC-4DFB-AC60-8BA608518540}.Release|Any CPU.Build.0 = Release|Any CPU
	EndGlobalSection
	GlobalSection(SolutionProperties) = preSolution
		HideSolutionNode = FALSE
	EndGlobalSection
	GlobalSection(ExtensibilityGlobals) = postSolution
		SolutionGuid = {F026BBE7-D0A7-4124-A572-32DB789AD7ED}
	EndGlobalSection
EndGlobal
