
Microsoft Visual Studio Solution File, Format Version 12.00
# Visual Studio 2012
Project("{FAE04EC0-301F-11D3-BF4B-00C04F79EFBC}") = "Test", "Test.csproj", "{10D6C432-CC35-457B-9538-E9041EFD9410}"
EndProject
Project("{FAE04EC0-301F-11D3-BF4B-00C04F79EFBC}") = "Granite.Core", "..\..\Sources\Projects\Granite.Core\Granite.Core.csproj", "{FAEFCED9-55C9-48AC-9174-C5BBE8501C5B}"
EndProject
Project("{FAE04EC0-301F-11D3-BF4B-00C04F79EFBC}") = "Granite.UI", "..\..\Sources\Projects\Granite.UI\Granite.UI.csproj", "{95CDCA6E-E490-4A43-8FE2-7C8AA59F3386}"
EndProject
Global
	GlobalSection(SolutionConfigurationPlatforms) = preSolution
		Debug|Any CPU = Debug|Any CPU
		Debug|Mixed Platforms = Debug|Mixed Platforms
		Debug|x86 = Debug|x86
		Release|Any CPU = Release|Any CPU
		Release|Mixed Platforms = Release|Mixed Platforms
		Release|x86 = Release|x86
	EndGlobalSection
	GlobalSection(ProjectConfigurationPlatforms) = postSolution
		{10D6C432-CC35-457B-9538-E9041EFD9410}.Debug|Any CPU.ActiveCfg = Debug|x86
		{10D6C432-CC35-457B-9538-E9041EFD9410}.Debug|Mixed Platforms.ActiveCfg = Debug|x86
		{10D6C432-CC35-457B-9538-E9041EFD9410}.Debug|Mixed Platforms.Build.0 = Debug|x86
		{10D6C432-CC35-457B-9538-E9041EFD9410}.Debug|x86.ActiveCfg = Debug|x86
		{10D6C432-CC35-457B-9538-E9041EFD9410}.Debug|x86.Build.0 = Debug|x86
		{10D6C432-CC35-457B-9538-E9041EFD9410}.Release|Any CPU.ActiveCfg = Release|x86
		{10D6C432-CC35-457B-9538-E9041EFD9410}.Release|Mixed Platforms.ActiveCfg = Release|x86
		{10D6C432-CC35-457B-9538-E9041EFD9410}.Release|Mixed Platforms.Build.0 = Release|x86
		{10D6C432-CC35-457B-9538-E9041EFD9410}.Release|x86.ActiveCfg = Release|x86
		{10D6C432-CC35-457B-9538-E9041EFD9410}.Release|x86.Build.0 = Release|x86
		{FAEFCED9-55C9-48AC-9174-C5BBE8501C5B}.Debug|Any CPU.ActiveCfg = Debug|Any CPU
		{FAEFCED9-55C9-48AC-9174-C5BBE8501C5B}.Debug|Any CPU.Build.0 = Debug|Any CPU
		{FAEFCED9-55C9-48AC-9174-C5BBE8501C5B}.Debug|Mixed Platforms.ActiveCfg = Debug|Any CPU
		{FAEFCED9-55C9-48AC-9174-C5BBE8501C5B}.Debug|Mixed Platforms.Build.0 = Debug|Any CPU
		{FAEFCED9-55C9-48AC-9174-C5BBE8501C5B}.Debug|x86.ActiveCfg = Debug|Any CPU
		{FAEFCED9-55C9-48AC-9174-C5BBE8501C5B}.Release|Any CPU.ActiveCfg = Release|Any CPU
		{FAEFCED9-55C9-48AC-9174-C5BBE8501C5B}.Release|Any CPU.Build.0 = Release|Any CPU
		{FAEFCED9-55C9-48AC-9174-C5BBE8501C5B}.Release|Mixed Platforms.ActiveCfg = Release|Any CPU
		{FAEFCED9-55C9-48AC-9174-C5BBE8501C5B}.Release|Mixed Platforms.Build.0 = Release|Any CPU
		{FAEFCED9-55C9-48AC-9174-C5BBE8501C5B}.Release|x86.ActiveCfg = Release|Any CPU
		{95CDCA6E-E490-4A43-8FE2-7C8AA59F3386}.Debug|Any CPU.ActiveCfg = Debug|Any CPU
		{95CDCA6E-E490-4A43-8FE2-7C8AA59F3386}.Debug|Any CPU.Build.0 = Debug|Any CPU
		{95CDCA6E-E490-4A43-8FE2-7C8AA59F3386}.Debug|Mixed Platforms.ActiveCfg = Debug|Any CPU
		{95CDCA6E-E490-4A43-8FE2-7C8AA59F3386}.Debug|Mixed Platforms.Build.0 = Debug|Any CPU
		{95CDCA6E-E490-4A43-8FE2-7C8AA59F3386}.Debug|x86.ActiveCfg = Debug|Any CPU
		{95CDCA6E-E490-4A43-8FE2-7C8AA59F3386}.Release|Any CPU.ActiveCfg = Release|Any CPU
		{95CDCA6E-E490-4A43-8FE2-7C8AA59F3386}.Release|Any CPU.Build.0 = Release|Any CPU
		{95CDCA6E-E490-4A43-8FE2-7C8AA59F3386}.Release|Mixed Platforms.ActiveCfg = Release|Any CPU
		{95CDCA6E-E490-4A43-8FE2-7C8AA59F3386}.Release|Mixed Platforms.Build.0 = Release|Any CPU
		{95CDCA6E-E490-4A43-8FE2-7C8AA59F3386}.Release|x86.ActiveCfg = Release|Any CPU
	EndGlobalSection
	GlobalSection(SolutionProperties) = preSolution
		HideSolutionNode = FALSE
	EndGlobalSection
EndGlobal
